
Microsoft Visual Studio Solution File, Format Version 12.00
# Visual Studio Version 17
VisualStudioVersion = 17.0.31815.197
MinimumVisualStudioVersion = 10.0.40219.1
Project("{8BC9CEB8-8B4A-11D0-8D11-00A0C91BC942}") = "19_4", "19_4\19_4.vcxproj", "{51774EE0-2994-4B5E-9647-293C6ABA55FB}"
EndProject
Global
	GlobalSection(SolutionConfigurationPlatforms) = preSolution
		Debug|x64 = Debug|x64
		Debug|x86 = Debug|x86
		Release|x64 = Release|x64
		Release|x86 = Release|x86
	EndGlobalSection
	GlobalSection(ProjectConfigurationPlatforms) = postSolution
		{51774EE0-2994-4B5E-9647-293C6ABA55FB}.Debug|x64.ActiveCfg = Debug|x64
		{51774EE0-2994-4B5E-9647-293C6ABA55FB}.Debug|x64.Build.0 = Debug|x64
		{51774EE0-2994-4B5E-9647-293C6ABA55FB}.Debug|x86.ActiveCfg = Debug|Win32
		{51774EE0-2994-4B5E-9647-293C6ABA55FB}.Debug|x86.Build.0 = Debug|Win32
		{51774EE0-2994-4B5E-9647-293C6ABA55FB}.Release|x64.ActiveCfg = Release|x64
		{51774EE0-2994-4B5E-9647-293C6ABA55FB}.Release|x64.Build.0 = Release|x64
		{51774EE0-2994-4B5E-9647-293C6ABA55FB}.Release|x86.ActiveCfg = Release|Win32
		{51774EE0-2994-4B5E-9647-293C6ABA55FB}.Release|x86.Build.0 = Release|Win32
	EndGlobalSection
	GlobalSection(SolutionProperties) = preSolution
		HideSolutionNode = FALSE
	EndGlobalSection
	GlobalSection(ExtensibilityGlobals) = postSolution
		SolutionGuid = {4039DB5E-E100-419A-865A-BC544F4BBAAD}
	EndGlobalSection
EndGlobal
